{
  "nodes": {
    "nixpkgs": {
      "locked": {
        "lastModified": 1734197983,
        "narHash": "sha256-s1ajsQ5L6XAAX3N7YoBIT5tckVLlPyno6mrOKSrOGXI=",
        "owner": "NixOS",
        "repo": "nixpkgs",
        "rev": "3d9b0a86d74e9dc3a85ed8d2abcef3ab0940c69d",
        "type": "github"
      },
      "original": {
        "owner": "NixOS",
        "repo": "nixpkgs",
        "type": "github"
      }
    },
    "root": {
      "inputs": {
        "nixpkgs": "nixpkgs"
      }
    }
  },
  "root": "root",
  "version": 7
}
